
Microsoft Visual Studio Solution File, Format Version 12.00
# Visual Studio 15
VisualStudioVersion = 15.0.28307.572
MinimumVisualStudioVersion = 10.0.40219.1
Project("{9A19103F-16F7-4668-BE54-9A1E7A4F7556}") = "AdPoc", "AdPoc\AdPoc.csproj", "{6BAD8411-4709-4DB5-845B-F7D087BFAF81}"
EndProject
Project("{9A19103F-16F7-4668-BE54-9A1E7A4F7556}") = "AdPoc.Infra", "AdPoc.Infra\AdPoc.Infra.csproj", "{8FDB2B82-1879-4A5A-8D21-2524D66BD985}"
EndProject
Project("{9A19103F-16F7-4668-BE54-9A1E7A4F7556}") = "AdPoc.Core", "AdPoc.Core\AdPoc.Core\AdPoc.Core.csproj", "{35757302-1F53-4CD2-A7B7-23E5C9FF3DA6}"
EndProject
Global
	GlobalSection(SolutionConfigurationPlatforms) = preSolution
		Debug|Any CPU = Debug|Any CPU
		Release|Any CPU = Release|Any CPU
	EndGlobalSection
	GlobalSection(ProjectConfigurationPlatforms) = postSolution
		{6BAD8411-4709-4DB5-845B-F7D087BFAF81}.Debug|Any CPU.ActiveCfg = Debug|Any CPU
		{6BAD8411-4709-4DB5-845B-F7D087BFAF81}.Debug|Any CPU.Build.0 = Debug|Any CPU
		{6BAD8411-4709-4DB5-845B-F7D087BFAF81}.Release|Any CPU.ActiveCfg = Release|Any CPU
		{6BAD8411-4709-4DB5-845B-F7D087BFAF81}.Release|Any CPU.Build.0 = Release|Any CPU
		{8FDB2B82-1879-4A5A-8D21-2524D66BD985}.Debug|Any CPU.ActiveCfg = Debug|Any CPU
		{8FDB2B82-1879-4A5A-8D21-2524D66BD985}.Debug|Any CPU.Build.0 = Debug|Any CPU
		{8FDB2B82-1879-4A5A-8D21-2524D66BD985}.Release|Any CPU.ActiveCfg = Release|Any CPU
		{8FDB2B82-1879-4A5A-8D21-2524D66BD985}.Release|Any CPU.Build.0 = Release|Any CPU
		{35757302-1F53-4CD2-A7B7-23E5C9FF3DA6}.Debug|Any CPU.ActiveCfg = Debug|Any CPU
		{35757302-1F53-4CD2-A7B7-23E5C9FF3DA6}.Debug|Any CPU.Build.0 = Debug|Any CPU
		{35757302-1F53-4CD2-A7B7-23E5C9FF3DA6}.Release|Any CPU.ActiveCfg = Release|Any CPU
		{35757302-1F53-4CD2-A7B7-23E5C9FF3DA6}.Release|Any CPU.Build.0 = Release|Any CPU
	EndGlobalSection
	GlobalSection(SolutionProperties) = preSolution
		HideSolutionNode = FALSE
	EndGlobalSection
	GlobalSection(ExtensibilityGlobals) = postSolution
		SolutionGuid = {FDA6F18C-D147-42C6-83EF-4EAAA73622D4}
	EndGlobalSection
EndGlobal
